// !$*UTF8*$!
{
	archiveVersion = 1;
	classes = {
	};
	objectVersion = 46;
	objects = {

/* Begin PBXBuildFile section */
		D84871FC1A34EAB800825B76 /* AppDelegate.swift in Sources */ = {isa = PBXBuildFile; fileRef = D84871FB1A34EAB800825B76 /* AppDelegate.swift */; };
		D84871FE1A34EAB800825B76 /* ViewController.swift in Sources */ = {isa = PBXBuildFile; fileRef = D84871FD1A34EAB800825B76 /* ViewController.swift */; };
		D84872011A34EAB800825B76 /* Main.storyboard in Resources */ = {isa = PBXBuildFile; fileRef = D84871FF1A34EAB800825B76 /* Main.storyboard */; };
		D84872031A34EAB800825B76 /* Images.xcassets in Resources */ = {isa = PBXBuildFile; fileRef = D84872021A34EAB800825B76 /* Images.xcassets */; };
		D84872061A34EAB800825B76 /* LaunchScreen.xib in Resources */ = {isa = PBXBuildFile; fileRef = D84872041A34EAB800825B76 /* LaunchScreen.xib */; };
		D84872391A372D7D00825B76 /* Quick.framework in Frameworks */ = {isa = PBXBuildFile; fileRef = D84872321A372D6A00825B76 /* Quick.framework */; };
		D848723A1A372D8000825B76 /* Nimble.framework in Frameworks */ = {isa = PBXBuildFile; fileRef = D84872231A372D6000825B76 /* Nimble.framework */; };
		D848723D1A372E2D00825B76 /* AppDelegateSpec.swift in Sources */ = {isa = PBXBuildFile; fileRef = D848723C1A372E2D00825B76 /* AppDelegateSpec.swift */; };
		D848723F1A372F4C00825B76 /* AppDelegate.swift in Sources */ = {isa = PBXBuildFile; fileRef = D84871FB1A34EAB800825B76 /* AppDelegate.swift */; };
/* End PBXBuildFile section */

/* Begin PBXContainerItemProxy section */
		D848720C1A34EAB800825B76 /* PBXContainerItemProxy */ = {
			isa = PBXContainerItemProxy;
			containerPortal = D84871EE1A34EAB800825B76 /* Project object */;
			proxyType = 1;
			remoteGlobalIDString = D84871F51A34EAB800825B76;
			remoteInfo = "swift-objc-deli";
		};
		D84872221A372D6000825B76 /* PBXContainerItemProxy */ = {
			isa = PBXContainerItemProxy;
			containerPortal = D848721B1A372D6000825B76 /* Nimble.xcodeproj */;
			proxyType = 2;
			remoteGlobalIDString = 1F1A74291940169200FFFC47;
			remoteInfo = "Nimble-iOS";
		};
		D84872241A372D6000825B76 /* PBXContainerItemProxy */ = {
			isa = PBXContainerItemProxy;
			containerPortal = D848721B1A372D6000825B76 /* Nimble.xcodeproj */;
			proxyType = 2;
			remoteGlobalIDString = 1F1A74341940169200FFFC47;
			remoteInfo = "Nimble-iOSTests";
		};
		D84872261A372D6000825B76 /* PBXContainerItemProxy */ = {
			isa = PBXContainerItemProxy;
			containerPortal = D848721B1A372D6000825B76 /* Nimble.xcodeproj */;
			proxyType = 2;
			remoteGlobalIDString = 1F925EAD195C0D6300ED456B;
			remoteInfo = "Nimble-OSX";
		};
		D84872281A372D6000825B76 /* PBXContainerItemProxy */ = {
			isa = PBXContainerItemProxy;
			containerPortal = D848721B1A372D6000825B76 /* Nimble.xcodeproj */;
			proxyType = 2;
			remoteGlobalIDString = 1F925EB7195C0D6300ED456B;
			remoteInfo = "Nimble-OSXTests";
		};
		D84872311A372D6A00825B76 /* PBXContainerItemProxy */ = {
			isa = PBXContainerItemProxy;
			containerPortal = D848722A1A372D6A00825B76 /* Quick.xcodeproj */;
			proxyType = 2;
			remoteGlobalIDString = DAEB6B8E1943873100289F44;
			remoteInfo = "Quick-OSX";
		};
		D84872331A372D6A00825B76 /* PBXContainerItemProxy */ = {
			isa = PBXContainerItemProxy;
			containerPortal = D848722A1A372D6A00825B76 /* Quick.xcodeproj */;
			proxyType = 2;
			remoteGlobalIDString = DAEB6B991943873100289F44;
			remoteInfo = "Quick-OSXTests";
		};
		D84872351A372D6A00825B76 /* PBXContainerItemProxy */ = {
			isa = PBXContainerItemProxy;
			containerPortal = D848722A1A372D6A00825B76 /* Quick.xcodeproj */;
			proxyType = 2;
			remoteGlobalIDString = 5A5D117C19473F2100F6D13D;
			remoteInfo = "Quick-iOS";
		};
		D84872371A372D6A00825B76 /* PBXContainerItemProxy */ = {
			isa = PBXContainerItemProxy;
			containerPortal = D848722A1A372D6A00825B76 /* Quick.xcodeproj */;
			proxyType = 2;
			remoteGlobalIDString = 5A5D118619473F2100F6D13D;
			remoteInfo = "Quick-iOSTests";
		};
/* End PBXContainerItemProxy section */

/* Begin PBXFileReference section */
		D84871F61A34EAB800825B76 /* swift-objc-deli.app */ = {isa = PBXFileReference; explicitFileType = wrapper.application; includeInIndex = 0; path = "swift-objc-deli.app"; sourceTree = BUILT_PRODUCTS_DIR; };
		D84871FA1A34EAB800825B76 /* Info.plist */ = {isa = PBXFileReference; lastKnownFileType = text.plist.xml; path = Info.plist; sourceTree = "<group>"; };
		D84871FB1A34EAB800825B76 /* AppDelegate.swift */ = {isa = PBXFileReference; lastKnownFileType = sourcecode.swift; path = AppDelegate.swift; sourceTree = "<group>"; };
		D84871FD1A34EAB800825B76 /* ViewController.swift */ = {isa = PBXFileReference; lastKnownFileType = sourcecode.swift; path = ViewController.swift; sourceTree = "<group>"; };
		D84872001A34EAB800825B76 /* Base */ = {isa = PBXFileReference; lastKnownFileType = file.storyboard; name = Base; path = Base.lproj/Main.storyboard; sourceTree = "<group>"; };
		D84872021A34EAB800825B76 /* Images.xcassets */ = {isa = PBXFileReference; lastKnownFileType = folder.assetcatalog; path = Images.xcassets; sourceTree = "<group>"; };
		D84872051A34EAB800825B76 /* Base */ = {isa = PBXFileReference; lastKnownFileType = file.xib; name = Base; path = Base.lproj/LaunchScreen.xib; sourceTree = "<group>"; };
		D848720B1A34EAB800825B76 /* swift-objc-deliTests.xctest */ = {isa = PBXFileReference; explicitFileType = wrapper.cfbundle; includeInIndex = 0; path = "swift-objc-deliTests.xctest"; sourceTree = BUILT_PRODUCTS_DIR; };
		D84872101A34EAB800825B76 /* Info.plist */ = {isa = PBXFileReference; lastKnownFileType = text.plist.xml; path = Info.plist; sourceTree = "<group>"; };
		D848721B1A372D6000825B76 /* Nimble.xcodeproj */ = {isa = PBXFileReference; lastKnownFileType = "wrapper.pb-project"; name = Nimble.xcodeproj; path = Vendor/Nimble/Nimble.xcodeproj; sourceTree = SOURCE_ROOT; };
		D848722A1A372D6A00825B76 /* Quick.xcodeproj */ = {isa = PBXFileReference; lastKnownFileType = "wrapper.pb-project"; name = Quick.xcodeproj; path = Vendor/Quick/Quick.xcodeproj; sourceTree = SOURCE_ROOT; };
		D848723B1A372E2D00825B76 /* swift-objc-deliTests-Bridging-Header.h */ = {isa = PBXFileReference; lastKnownFileType = sourcecode.c.h; path = "swift-objc-deliTests-Bridging-Header.h"; sourceTree = "<group>"; };
		D848723C1A372E2D00825B76 /* AppDelegateSpec.swift */ = {isa = PBXFileReference; fileEncoding = 4; lastKnownFileType = sourcecode.swift; path = AppDelegateSpec.swift; sourceTree = "<group>"; };
/* End PBXFileReference section */

/* Begin PBXFrameworksBuildPhase section */
		D84871F31A34EAB800825B76 /* Frameworks */ = {
			isa = PBXFrameworksBuildPhase;
			buildActionMask = 2147483647;
			files = (
			);
			runOnlyForDeploymentPostprocessing = 0;
		};
		D84872081A34EAB800825B76 /* Frameworks */ = {
			isa = PBXFrameworksBuildPhase;
			buildActionMask = 2147483647;
			files = (
				D848723A1A372D8000825B76 /* Nimble.framework in Frameworks */,
				D84872391A372D7D00825B76 /* Quick.framework in Frameworks */,
			);
			runOnlyForDeploymentPostprocessing = 0;
		};
/* End PBXFrameworksBuildPhase section */

/* Begin PBXGroup section */
		D84871ED1A34EAB800825B76 = {
			isa = PBXGroup;
			children = (
				D84871F81A34EAB800825B76 /* swift-objc-deli */,
				D848720E1A34EAB800825B76 /* swift-objc-deliTests */,
				D84871F71A34EAB800825B76 /* Products */,
			);
			sourceTree = "<group>";
		};
		D84871F71A34EAB800825B76 /* Products */ = {
			isa = PBXGroup;
			children = (
				D84871F61A34EAB800825B76 /* swift-objc-deli.app */,
				D848720B1A34EAB800825B76 /* swift-objc-deliTests.xctest */,
			);
			name = Products;
			sourceTree = "<group>";
		};
		D84871F81A34EAB800825B76 /* swift-objc-deli */ = {
			isa = PBXGroup;
			children = (
				D84871FB1A34EAB800825B76 /* AppDelegate.swift */,
				D84871FD1A34EAB800825B76 /* ViewController.swift */,
				D84871FF1A34EAB800825B76 /* Main.storyboard */,
				D84872021A34EAB800825B76 /* Images.xcassets */,
				D84872041A34EAB800825B76 /* LaunchScreen.xib */,
				D84871F91A34EAB800825B76 /* Supporting Files */,
			);
			path = "swift-objc-deli";
			sourceTree = "<group>";
		};
		D84871F91A34EAB800825B76 /* Supporting Files */ = {
			isa = PBXGroup;
			children = (
				D84871FA1A34EAB800825B76 /* Info.plist */,
			);
			name = "Supporting Files";
			sourceTree = "<group>";
		};
		D848720E1A34EAB800825B76 /* swift-objc-deliTests */ = {
			isa = PBXGroup;
			children = (
				D848722A1A372D6A00825B76 /* Quick.xcodeproj */,
				D848721B1A372D6000825B76 /* Nimble.xcodeproj */,
				D848720F1A34EAB800825B76 /* Supporting Files */,
				D848723C1A372E2D00825B76 /* AppDelegateSpec.swift */,
				D848723B1A372E2D00825B76 /* swift-objc-deliTests-Bridging-Header.h */,
			);
			path = "swift-objc-deliTests";
			sourceTree = "<group>";
		};
		D848720F1A34EAB800825B76 /* Supporting Files */ = {
			isa = PBXGroup;
			children = (
				D84872101A34EAB800825B76 /* Info.plist */,
			);
			name = "Supporting Files";
			sourceTree = "<group>";
		};
		D848721C1A372D6000825B76 /* Products */ = {
			isa = PBXGroup;
			children = (
				D84872231A372D6000825B76 /* Nimble.framework */,
				D84872251A372D6000825B76 /* NimbleTests.xctest */,
				D84872271A372D6000825B76 /* Nimble.framework */,
				D84872291A372D6000825B76 /* NimbleTests.xctest */,
			);
			name = Products;
			sourceTree = "<group>";
		};
		D848722B1A372D6A00825B76 /* Products */ = {
			isa = PBXGroup;
			children = (
				D84872321A372D6A00825B76 /* Quick.framework */,
				D84872341A372D6A00825B76 /* Quick-OSXTests.xctest */,
				D84872361A372D6A00825B76 /* Quick.framework */,
				D84872381A372D6A00825B76 /* Quick-iOSTests.xctest */,
			);
			name = Products;
			sourceTree = "<group>";
		};
/* End PBXGroup section */

/* Begin PBXNativeTarget section */
		D84871F51A34EAB800825B76 /* swift-objc-deli */ = {
			isa = PBXNativeTarget;
			buildConfigurationList = D84872151A34EAB800825B76 /* Build configuration list for PBXNativeTarget "swift-objc-deli" */;
			buildPhases = (
				D84871F21A34EAB800825B76 /* Sources */,
				D84871F31A34EAB800825B76 /* Frameworks */,
				D84871F41A34EAB800825B76 /* Resources */,
			);
			buildRules = (
			);
			dependencies = (
			);
			name = "swift-objc-deli";
			productName = "swift-objc-deli";
			productReference = D84871F61A34EAB800825B76 /* swift-objc-deli.app */;
			productType = "com.apple.product-type.application";
		};
		D848720A1A34EAB800825B76 /* swift-objc-deliTests */ = {
			isa = PBXNativeTarget;
			buildConfigurationList = D84872181A34EAB800825B76 /* Build configuration list for PBXNativeTarget "swift-objc-deliTests" */;
			buildPhases = (
				D84872071A34EAB800825B76 /* Sources */,
				D84872081A34EAB800825B76 /* Frameworks */,
				D84872091A34EAB800825B76 /* Resources */,
			);
			buildRules = (
			);
			dependencies = (
				D848720D1A34EAB800825B76 /* PBXTargetDependency */,
			);
			name = "swift-objc-deliTests";
			productName = "swift-objc-deliTests";
			productReference = D848720B1A34EAB800825B76 /* swift-objc-deliTests.xctest */;
			productType = "com.apple.product-type.bundle.unit-test";
		};
/* End PBXNativeTarget section */

/* Begin PBXProject section */
		D84871EE1A34EAB800825B76 /* Project object */ = {
			isa = PBXProject;
			attributes = {
				LastUpgradeCheck = 0610;
				ORGANIZATIONNAME = "Flatiron School";
				TargetAttributes = {
					D84871F51A34EAB800825B76 = {
						CreatedOnToolsVersion = 6.1.1;
					};
					D848720A1A34EAB800825B76 = {
						CreatedOnToolsVersion = 6.1.1;
						TestTargetID = D84871F51A34EAB800825B76;
					};
				};
			};
			buildConfigurationList = D84871F11A34EAB800825B76 /* Build configuration list for PBXProject "swift-objc-deli" */;
			compatibilityVersion = "Xcode 3.2";
			developmentRegion = English;
			hasScannedForEncodings = 0;
			knownRegions = (
				en,
				Base,
			);
			mainGroup = D84871ED1A34EAB800825B76;
			productRefGroup = D84871F71A34EAB800825B76 /* Products */;
			projectDirPath = "";
			projectReferences = (
				{
					ProductGroup = D848721C1A372D6000825B76 /* Products */;
					ProjectRef = D848721B1A372D6000825B76 /* Nimble.xcodeproj */;
				},
				{
					ProductGroup = D848722B1A372D6A00825B76 /* Products */;
					ProjectRef = D848722A1A372D6A00825B76 /* Quick.xcodeproj */;
				},
			);
			projectRoot = "";
			targets = (
				D84871F51A34EAB800825B76 /* swift-objc-deli */,
				D848720A1A34EAB800825B76 /* swift-objc-deliTests */,
			);
		};
/* End PBXProject section */

/* Begin PBXReferenceProxy section */
		D84872231A372D6000825B76 /* Nimble.framework */ = {
			isa = PBXReferenceProxy;
			fileType = wrapper.framework;
			path = Nimble.framework;
			remoteRef = D84872221A372D6000825B76 /* PBXContainerItemProxy */;
			sourceTree = BUILT_PRODUCTS_DIR;
		};
		D84872251A372D6000825B76 /* NimbleTests.xctest */ = {
			isa = PBXReferenceProxy;
			fileType = wrapper.cfbundle;
			path = NimbleTests.xctest;
			remoteRef = D84872241A372D6000825B76 /* PBXContainerItemProxy */;
			sourceTree = BUILT_PRODUCTS_DIR;
		};
		D84872271A372D6000825B76 /* Nimble.framework */ = {
			isa = PBXReferenceProxy;
			fileType = wrapper.framework;
			path = Nimble.framework;
			remoteRef = D84872261A372D6000825B76 /* PBXContainerItemProxy */;
			sourceTree = BUILT_PRODUCTS_DIR;
		};
		D84872291A372D6000825B76 /* NimbleTests.xctest */ = {
			isa = PBXReferenceProxy;
			fileType = wrapper.cfbundle;
			path = NimbleTests.xctest;
			remoteRef = D84872281A372D6000825B76 /* PBXContainerItemProxy */;
			sourceTree = BUILT_PRODUCTS_DIR;
		};
		D84872321A372D6A00825B76 /* Quick.framework */ = {
			isa = PBXReferenceProxy;
			fileType = wrapper.framework;
			path = Quick.framework;
			remoteRef = D84872311A372D6A00825B76 /* PBXContainerItemProxy */;
			sourceTree = BUILT_PRODUCTS_DIR;
		};
		D84872341A372D6A00825B76 /* Quick-OSXTests.xctest */ = {
			isa = PBXReferenceProxy;
			fileType = wrapper.cfbundle;
			path = "Quick-OSXTests.xctest";
			remoteRef = D84872331A372D6A00825B76 /* PBXContainerItemProxy */;
			sourceTree = BUILT_PRODUCTS_DIR;
		};
		D84872361A372D6A00825B76 /* Quick.framework */ = {
			isa = PBXReferenceProxy;
			fileType = wrapper.framework;
			path = Quick.framework;
			remoteRef = D84872351A372D6A00825B76 /* PBXContainerItemProxy */;
			sourceTree = BUILT_PRODUCTS_DIR;
		};
		D84872381A372D6A00825B76 /* Quick-iOSTests.xctest */ = {
			isa = PBXReferenceProxy;
			fileType = wrapper.cfbundle;
			path = "Quick-iOSTests.xctest";
			remoteRef = D84872371A372D6A00825B76 /* PBXContainerItemProxy */;
			sourceTree = BUILT_PRODUCTS_DIR;
		};
/* End PBXReferenceProxy section */

/* Begin PBXResourcesBuildPhase section */
		D84871F41A34EAB800825B76 /* Resources */ = {
			isa = PBXResourcesBuildPhase;
			buildActionMask = 2147483647;
			files = (
				D84872011A34EAB800825B76 /* Main.storyboard in Resources */,
				D84872061A34EAB800825B76 /* LaunchScreen.xib in Resources */,
				D84872031A34EAB800825B76 /* Images.xcassets in Resources */,
			);
			runOnlyForDeploymentPostprocessing = 0;
		};
		D84872091A34EAB800825B76 /* Resources */ = {
			isa = PBXResourcesBuildPhase;
			buildActionMask = 2147483647;
			files = (
			);
			runOnlyForDeploymentPostprocessing = 0;
		};
/* End PBXResourcesBuildPhase section */

/* Begin PBXSourcesBuildPhase section */
		D84871F21A34EAB800825B76 /* Sources */ = {
			isa = PBXSourcesBuildPhase;
			buildActionMask = 2147483647;
			files = (
				D84871FE1A34EAB800825B76 /* ViewController.swift in Sources */,
				D84871FC1A34EAB800825B76 /* AppDelegate.swift in Sources */,
			);
			runOnlyForDeploymentPostprocessing = 0;
		};
		D84872071A34EAB800825B76 /* Sources */ = {
			isa = PBXSourcesBuildPhase;
			buildActionMask = 2147483647;
			files = (
				D848723F1A372F4C00825B76 /* AppDelegate.swift in Sources */,
				D848723D1A372E2D00825B76 /* AppDelegateSpec.swift in Sources */,
			);
			runOnlyForDeploymentPostprocessing = 0;
		};
/* End PBXSourcesBuildPhase section */

/* Begin PBXTargetDependency section */
		D848720D1A34EAB800825B76 /* PBXTargetDependency */ = {
			isa = PBXTargetDependency;
			target = D84871F51A34EAB800825B76 /* swift-objc-deli */;
			targetProxy = D848720C1A34EAB800825B76 /* PBXContainerItemProxy */;
		};
/* End PBXTargetDependency section */

/* Begin PBXVariantGroup section */
		D84871FF1A34EAB800825B76 /* Main.storyboard */ = {
			isa = PBXVariantGroup;
			children = (
				D84872001A34EAB800825B76 /* Base */,
			);
			name = Main.storyboard;
			sourceTree = "<group>";
		};
		D84872041A34EAB800825B76 /* LaunchScreen.xib */ = {
			isa = PBXVariantGroup;
			children = (
				D84872051A34EAB800825B76 /* Base */,
			);
			name = LaunchScreen.xib;
			sourceTree = "<group>";
		};
/* End PBXVariantGroup section */

/* Begin XCBuildConfiguration section */
		D84872131A34EAB800825B76 /* Debug */ = {
			isa = XCBuildConfiguration;
			buildSettings = {
				ALWAYS_SEARCH_USER_PATHS = NO;
				CLANG_CXX_LANGUAGE_STANDARD = "gnu++0x";
				CLANG_CXX_LIBRARY = "libc++";
				CLANG_ENABLE_MODULES = YES;
				CLANG_ENABLE_OBJC_ARC = YES;
				CLANG_WARN_BOOL_CONVERSION = YES;
				CLANG_WARN_CONSTANT_CONVERSION = YES;
				CLANG_WARN_DIRECT_OBJC_ISA_USAGE = YES_ERROR;
				CLANG_WARN_EMPTY_BODY = YES;
				CLANG_WARN_ENUM_CONVERSION = YES;
				CLANG_WARN_INT_CONVERSION = YES;
				CLANG_WARN_OBJC_ROOT_CLASS = YES_ERROR;
				CLANG_WARN_UNREACHABLE_CODE = YES;
				CLANG_WARN__DUPLICATE_METHOD_MATCH = YES;
				"CODE_SIGN_IDENTITY[sdk=iphoneos*]" = "iPhone Developer";
				COPY_PHASE_STRIP = NO;
				ENABLE_STRICT_OBJC_MSGSEND = YES;
				GCC_C_LANGUAGE_STANDARD = gnu99;
				GCC_DYNAMIC_NO_PIC = NO;
				GCC_OPTIMIZATION_LEVEL = 0;
				GCC_PREPROCESSOR_DEFINITIONS = (
					"DEBUG=1",
					"$(inherited)",
				);
				GCC_SYMBOLS_PRIVATE_EXTERN = NO;
				GCC_WARN_64_TO_32_BIT_CONVERSION = YES;
				GCC_WARN_ABOUT_RETURN_TYPE = YES_ERROR;
				GCC_WARN_UNDECLARED_SELECTOR = YES;
				GCC_WARN_UNINITIALIZED_AUTOS = YES_AGGRESSIVE;
				GCC_WARN_UNUSED_FUNCTION = YES;
				GCC_WARN_UNUSED_VARIABLE = YES;
				IPHONEOS_DEPLOYMENT_TARGET = 8.1;
				MTL_ENABLE_DEBUG_INFO = YES;
				ONLY_ACTIVE_ARCH = YES;
				SDKROOT = iphoneos;
				SWIFT_OPTIMIZATION_LEVEL = "-Onone";
			};
			name = Debug;
		};
		D84872141A34EAB800825B76 /* Release */ = {
			isa = XCBuildConfiguration;
			buildSettings = {
				ALWAYS_SEARCH_USER_PATHS = NO;
				CLANG_CXX_LANGUAGE_STANDARD = "gnu++0x";
				CLANG_CXX_LIBRARY = "libc++";
				CLANG_ENABLE_MODULES = YES;
				CLANG_ENABLE_OBJC_ARC = YES;
				CLANG_WARN_BOOL_CONVERSION = YES;
				CLANG_WARN_CONSTANT_CONVERSION = YES;
				CLANG_WARN_DIRECT_OBJC_ISA_USAGE = YES_ERROR;
				CLANG_WARN_EMPTY_BODY = YES;
				CLANG_WARN_ENUM_CONVERSION = YES;
				CLANG_WARN_INT_CONVERSION = YES;
				CLANG_WARN_OBJC_ROOT_CLASS = YES_ERROR;
				CLANG_WARN_UNREACHABLE_CODE = YES;
				CLANG_WARN__DUPLICATE_METHOD_MATCH = YES;
				"CODE_SIGN_IDENTITY[sdk=iphoneos*]" = "iPhone Developer";
				COPY_PHASE_STRIP = YES;
				ENABLE_NS_ASSERTIONS = NO;
				ENABLE_STRICT_OBJC_MSGSEND = YES;
				GCC_C_LANGUAGE_STANDARD = gnu99;
				GCC_WARN_64_TO_32_BIT_CONVERSION = YES;
				GCC_WARN_ABOUT_RETURN_TYPE = YES_ERROR;
				GCC_WARN_UNDECLARED_SELECTOR = YES;
				GCC_WARN_UNINITIALIZED_AUTOS = YES_AGGRESSIVE;
				GCC_WARN_UNUSED_FUNCTION = YES;
				GCC_WARN_UNUSED_VARIABLE = YES;
				IPHONEOS_DEPLOYMENT_TARGET = 8.1;
				MTL_ENABLE_DEBUG_INFO = NO;
				SDKROOT = iphoneos;
				VALIDATE_PRODUCT = YES;
			};
			name = Release;
		};
		D84872161A34EAB800825B76 /* Debug */ = {
			isa = XCBuildConfiguration;
			buildSettings = {
				ASSETCATALOG_COMPILER_APPICON_NAME = AppIcon;
				INFOPLIST_FILE = "swift-objc-deli/Info.plist";
				LD_RUNPATH_SEARCH_PATHS = "$(inherited) @executable_path/Frameworks";
				PRODUCT_NAME = "$(TARGET_NAME)";
			};
			name = Debug;
		};
		D84872171A34EAB800825B76 /* Release */ = {
			isa = XCBuildConfiguration;
			buildSettings = {
				ASSETCATALOG_COMPILER_APPICON_NAME = AppIcon;
				INFOPLIST_FILE = "swift-objc-deli/Info.plist";
				LD_RUNPATH_SEARCH_PATHS = "$(inherited) @executable_path/Frameworks";
				PRODUCT_NAME = "$(TARGET_NAME)";
			};
			name = Release;
		};
		D84872191A34EAB800825B76 /* Debug */ = {
			isa = XCBuildConfiguration;
			buildSettings = {
				BUNDLE_LOADER = "$(TEST_HOST)";
				CLANG_ENABLE_MODULES = YES;
				FRAMEWORK_SEARCH_PATHS = (
					"$(SDKROOT)/Developer/Library/Frameworks",
					"$(inherited)",
				);
				GCC_PREPROCESSOR_DEFINITIONS = (
					"DEBUG=1",
					"$(inherited)",
				);
				INFOPLIST_FILE = "swift-objc-deliTests/Info.plist";
				LD_RUNPATH_SEARCH_PATHS = "$(inherited) @executable_path/Frameworks @loader_path/Frameworks";
				PRODUCT_NAME = "$(TARGET_NAME)";
				SWIFT_OBJC_BRIDGING_HEADER = "swift-objc-deliTests/swift-objc-deliTests-Bridging-Header.h";
				SWIFT_OPTIMIZATION_LEVEL = "-Onone";
				TEST_HOST = "$(BUILT_PRODUCTS_DIR)/swift-objc-deli.app/swift-objc-deli";
			};
			name = Debug;
		};
		D848721A1A34EAB800825B76 /* Release */ = {
			isa = XCBuildConfiguration;
			buildSettings = {
				BUNDLE_LOADER = "$(TEST_HOST)";
				CLANG_ENABLE_MODULES = YES;
				FRAMEWORK_SEARCH_PATHS = (
					"$(SDKROOT)/Developer/Library/Frameworks",
					"$(inherited)",
				);
				INFOPLIST_FILE = "swift-objc-deliTests/Info.plist";
				LD_RUNPATH_SEARCH_PATHS = "$(inherited) @executable_path/Frameworks @loader_path/Frameworks";
				PRODUCT_NAME = "$(TARGET_NAME)";
				SWIFT_OBJC_BRIDGING_HEADER = "swift-objc-deliTests/swift-objc-deliTests-Bridging-Header.h";
				TEST_HOST = "$(BUILT_PRODUCTS_DIR)/swift-objc-deli.app/swift-objc-deli";
			};
			name = Release;
		};
/* End XCBuildConfiguration section */

/* Begin XCConfigurationList section */
		D84871F11A34EAB800825B76 /* Build configuration list for PBXProject "swift-objc-deli" */ = {
			isa = XCConfigurationList;
			buildConfigurations = (
				D84872131A34EAB800825B76 /* Debug */,
				D84872141A34EAB800825B76 /* Release */,
			);
			defaultConfigurationIsVisible = 0;
			defaultConfigurationName = Release;
		};
		D84872151A34EAB800825B76 /* Build configuration list for PBXNativeTarget "swift-objc-deli" */ = {
			isa = XCConfigurationList;
			buildConfigurations = (
				D84872161A34EAB800825B76 /* Debug */,
				D84872171A34EAB800825B76 /* Release */,
			);
			defaultConfigurationIsVisible = 0;
		};
		D84872181A34EAB800825B76 /* Build configuration list for PBXNativeTarget "swift-objc-deliTests" */ = {
			isa = XCConfigurationList;
			buildConfigurations = (
				D84872191A34EAB800825B76 /* Debug */,
				D848721A1A34EAB800825B76 /* Release */,
			);
			defaultConfigurationIsVisible = 0;
		};
/* End XCConfigurationList section */
	};
	rootObject = D84871EE1A34EAB800825B76 /* Project object */;
}
